
Microsoft Visual Studio Solution File, Format Version 12.00
# Visual Studio Version 16
VisualStudioVersion = 16.0.29424.173
MinimumVisualStudioVersion = 10.0.40219.1
Project("{8BC9CEB8-8B4A-11D0-8D11-00A0C91BC942}") = "lab2", "lab2\lab2.vcxproj", "{150428F8-96FF-46D6-A00E-EC1C60D9FF7B}"
EndProject
Project("{8BC9CEB8-8B4A-11D0-8D11-00A0C91BC942}") = "exe2", "exe2\exe2.vcxproj", "{AD8E2278-3855-48C4-9522-230338AD3FD9}"
EndProject
Project("{8BC9CEB8-8B4A-11D0-8D11-00A0C91BC942}") = "exe3", "exe3\exe3.vcxproj", "{53F8C2D9-1E8D-4FCD-BD2D-6097400D0E9C}"
EndProject
Global
	GlobalSection(SolutionConfigurationPlatforms) = preSolution
		Debug|x64 = Debug|x64
		Debug|x86 = Debug|x86
		Release|x64 = Release|x64
		Release|x86 = Release|x86
	EndGlobalSection
	GlobalSection(ProjectConfigurationPlatforms) = postSolution
		{150428F8-96FF-46D6-A00E-EC1C60D9FF7B}.Debug|x64.ActiveCfg = Debug|x64
		{150428F8-96FF-46D6-A00E-EC1C60D9FF7B}.Debug|x64.Build.0 = Debug|x64
		{150428F8-96FF-46D6-A00E-EC1C60D9FF7B}.Debug|x86.ActiveCfg = Debug|Win32
		{150428F8-96FF-46D6-A00E-EC1C60D9FF7B}.Debug|x86.Build.0 = Debug|Win32
		{150428F8-96FF-46D6-A00E-EC1C60D9FF7B}.Release|x64.ActiveCfg = Release|x64
		{150428F8-96FF-46D6-A00E-EC1C60D9FF7B}.Release|x64.Build.0 = Release|x64
		{150428F8-96FF-46D6-A00E-EC1C60D9FF7B}.Release|x86.ActiveCfg = Release|Win32
		{150428F8-96FF-46D6-A00E-EC1C60D9FF7B}.Release|x86.Build.0 = Release|Win32
		{AD8E2278-3855-48C4-9522-230338AD3FD9}.Debug|x64.ActiveCfg = Debug|x64
		{AD8E2278-3855-48C4-9522-230338AD3FD9}.Debug|x64.Build.0 = Debug|x64
		{AD8E2278-3855-48C4-9522-230338AD3FD9}.Debug|x86.ActiveCfg = Debug|Win32
		{AD8E2278-3855-48C4-9522-230338AD3FD9}.Debug|x86.Build.0 = Debug|Win32
		{AD8E2278-3855-48C4-9522-230338AD3FD9}.Release|x64.ActiveCfg = Release|x64
		{AD8E2278-3855-48C4-9522-230338AD3FD9}.Release|x64.Build.0 = Release|x64
		{AD8E2278-3855-48C4-9522-230338AD3FD9}.Release|x86.ActiveCfg = Release|Win32
		{AD8E2278-3855-48C4-9522-230338AD3FD9}.Release|x86.Build.0 = Release|Win32
		{53F8C2D9-1E8D-4FCD-BD2D-6097400D0E9C}.Debug|x64.ActiveCfg = Debug|x64
		{53F8C2D9-1E8D-4FCD-BD2D-6097400D0E9C}.Debug|x64.Build.0 = Debug|x64
		{53F8C2D9-1E8D-4FCD-BD2D-6097400D0E9C}.Debug|x86.ActiveCfg = Debug|Win32
		{53F8C2D9-1E8D-4FCD-BD2D-6097400D0E9C}.Debug|x86.Build.0 = Debug|Win32
		{53F8C2D9-1E8D-4FCD-BD2D-6097400D0E9C}.Release|x64.ActiveCfg = Release|x64
		{53F8C2D9-1E8D-4FCD-BD2D-6097400D0E9C}.Release|x64.Build.0 = Release|x64
		{53F8C2D9-1E8D-4FCD-BD2D-6097400D0E9C}.Release|x86.ActiveCfg = Release|Win32
		{53F8C2D9-1E8D-4FCD-BD2D-6097400D0E9C}.Release|x86.Build.0 = Release|Win32
	EndGlobalSection
	GlobalSection(SolutionProperties) = preSolution
		HideSolutionNode = FALSE
	EndGlobalSection
	GlobalSection(ExtensibilityGlobals) = postSolution
		SolutionGuid = {337378A1-74AF-46DD-A55F-4D5C6DEC9FCE}
	EndGlobalSection
EndGlobal
